
Microsoft Visual Studio Solution File, Format Version 12.00
# Visual Studio Version 17
VisualStudioVersion = 17.0.31903.59
MinimumVisualStudioVersion = 10.0.40219.1
Project("{9A19103F-16F7-4668-BE54-9A1E7A4F7556}") = "Adoptrix.Core", "src\Adoptrix.Core\Adoptrix.Core.csproj", "{2839FC19-CC0E-43CA-8B83-3245A2C47EB5}"
EndProject
Project("{9A19103F-16F7-4668-BE54-9A1E7A4F7556}") = "Adoptrix.Persistence", "src\Adoptrix.Persistence\Adoptrix.Persistence.csproj", "{5691F28D-9406-4FFF-9F2D-226F72A167FD}"
EndProject
Project("{2150E333-8FDC-42A3-9474-1A3956D46DE8}") = "Tests", "Tests", "{4958F816-17AA-4833-819B-5D666C416361}"
EndProject
Project("{9A19103F-16F7-4668-BE54-9A1E7A4F7556}") = "Adoptrix.Core.Tests", "tests\Adoptrix.Core.Tests\Adoptrix.Core.Tests.csproj", "{CF65350A-8D80-4AF2-B369-8C71A5BFB620}"
EndProject
Project("{9A19103F-16F7-4668-BE54-9A1E7A4F7556}") = "Adoptrix.Jobs", "src\Adoptrix.Jobs\Adoptrix.Jobs.csproj", "{3B459084-AC6B-4907-A02A-F947541CBAAD}"
EndProject
Project("{9A19103F-16F7-4668-BE54-9A1E7A4F7556}") = "Adoptrix.Persistence.Tests", "tests\Adoptrix.Persistence.Tests\Adoptrix.Persistence.Tests.csproj", "{080F1E84-3700-4B9D-B929-B686447C36AF}"
EndProject
Project("{9A19103F-16F7-4668-BE54-9A1E7A4F7556}") = "Adoptrix.Jobs.Tests", "tests\Adoptrix.Jobs.Tests\Adoptrix.Jobs.Tests.csproj", "{780D9ED8-AF1B-4C78-819F-E2D7130204A7}"
EndProject
Project("{9A19103F-16F7-4668-BE54-9A1E7A4F7556}") = "Adoptrix.Tests.Shared", "tests\Adoptrix.Tests.Shared\Adoptrix.Tests.Shared.csproj", "{11D2C635-9C83-47C2-A72A-AE8B866D75EE}"
EndProject
Project("{9A19103F-16F7-4668-BE54-9A1E7A4F7556}") = "Adoptrix.Api.Tests", "tests\Adoptrix.Api.Tests\Adoptrix.Api.Tests.csproj", "{F83B94E6-2927-4C3B-BFC8-F24B8B9EA582}"
EndProject
Project("{9A19103F-16F7-4668-BE54-9A1E7A4F7556}") = "Adoptrix.Client.Tests", "tests\Adoptrix.Client.Tests\Adoptrix.Client.Tests.csproj", "{BA55E988-E61C-4C9B-A96A-BC94188A149A}"
EndProject
Project("{9A19103F-16F7-4668-BE54-9A1E7A4F7556}") = "Adoptrix.Api", "src\Adoptrix.Api\Adoptrix.Api.csproj", "{9F3C7809-8A40-4743-A114-196FCFF912F8}"
EndProject
Project("{9A19103F-16F7-4668-BE54-9A1E7A4F7556}") = "Adoptrix.AppHost", "src\Adoptrix.AppHost\Adoptrix.AppHost.csproj", "{BC58E288-CA39-48E3-96AA-D6AB11AFB8E5}"
EndProject
Project("{9A19103F-16F7-4668-BE54-9A1E7A4F7556}") = "Adoptrix.ServiceDefaults", "src\Adoptrix.ServiceDefaults\Adoptrix.ServiceDefaults.csproj", "{DFBF1EEE-9A42-4AB8-8B33-AD95A7CE368F}"
EndProject
Project("{9A19103F-16F7-4668-BE54-9A1E7A4F7556}") = "Adoptrix.Initializer", "src\Adoptrix.Initializer\Adoptrix.Initializer.csproj", "{BFDFF9D4-D109-406D-ACD9-D8531F91A388}"
EndProject
Project("{FAE04EC0-301F-11D3-BF4B-00C04F79EFBC}") = "Adoptrix.Client", "src\Adoptrix.Client\Adoptrix.Client.csproj", "{4E71704D-AA38-46DD-9676-D390A48BD773}"
EndProject
Global
	GlobalSection(SolutionConfigurationPlatforms) = preSolution
		Debug|Any CPU = Debug|Any CPU
		Release|Any CPU = Release|Any CPU
	EndGlobalSection
	GlobalSection(ProjectConfigurationPlatforms) = postSolution
		{2839FC19-CC0E-43CA-8B83-3245A2C47EB5}.Debug|Any CPU.ActiveCfg = Debug|Any CPU
		{2839FC19-CC0E-43CA-8B83-3245A2C47EB5}.Debug|Any CPU.Build.0 = Debug|Any CPU
		{2839FC19-CC0E-43CA-8B83-3245A2C47EB5}.Release|Any CPU.ActiveCfg = Release|Any CPU
		{2839FC19-CC0E-43CA-8B83-3245A2C47EB5}.Release|Any CPU.Build.0 = Release|Any CPU
		{5691F28D-9406-4FFF-9F2D-226F72A167FD}.Debug|Any CPU.ActiveCfg = Debug|Any CPU
		{5691F28D-9406-4FFF-9F2D-226F72A167FD}.Debug|Any CPU.Build.0 = Debug|Any CPU
		{5691F28D-9406-4FFF-9F2D-226F72A167FD}.Release|Any CPU.ActiveCfg = Release|Any CPU
		{5691F28D-9406-4FFF-9F2D-226F72A167FD}.Release|Any CPU.Build.0 = Release|Any CPU
		{CF65350A-8D80-4AF2-B369-8C71A5BFB620}.Debug|Any CPU.ActiveCfg = Debug|Any CPU
		{CF65350A-8D80-4AF2-B369-8C71A5BFB620}.Debug|Any CPU.Build.0 = Debug|Any CPU
		{CF65350A-8D80-4AF2-B369-8C71A5BFB620}.Release|Any CPU.ActiveCfg = Release|Any CPU
		{CF65350A-8D80-4AF2-B369-8C71A5BFB620}.Release|Any CPU.Build.0 = Release|Any CPU
		{3B459084-AC6B-4907-A02A-F947541CBAAD}.Debug|Any CPU.ActiveCfg = Debug|Any CPU
		{3B459084-AC6B-4907-A02A-F947541CBAAD}.Debug|Any CPU.Build.0 = Debug|Any CPU
		{3B459084-AC6B-4907-A02A-F947541CBAAD}.Release|Any CPU.ActiveCfg = Release|Any CPU
		{3B459084-AC6B-4907-A02A-F947541CBAAD}.Release|Any CPU.Build.0 = Release|Any CPU
		{080F1E84-3700-4B9D-B929-B686447C36AF}.Debug|Any CPU.ActiveCfg = Debug|Any CPU
		{080F1E84-3700-4B9D-B929-B686447C36AF}.Debug|Any CPU.Build.0 = Debug|Any CPU
		{080F1E84-3700-4B9D-B929-B686447C36AF}.Release|Any CPU.ActiveCfg = Release|Any CPU
		{080F1E84-3700-4B9D-B929-B686447C36AF}.Release|Any CPU.Build.0 = Release|Any CPU
		{780D9ED8-AF1B-4C78-819F-E2D7130204A7}.Debug|Any CPU.ActiveCfg = Debug|Any CPU
		{780D9ED8-AF1B-4C78-819F-E2D7130204A7}.Debug|Any CPU.Build.0 = Debug|Any CPU
		{780D9ED8-AF1B-4C78-819F-E2D7130204A7}.Release|Any CPU.ActiveCfg = Release|Any CPU
		{780D9ED8-AF1B-4C78-819F-E2D7130204A7}.Release|Any CPU.Build.0 = Release|Any CPU
		{11D2C635-9C83-47C2-A72A-AE8B866D75EE}.Debug|Any CPU.ActiveCfg = Debug|Any CPU
		{11D2C635-9C83-47C2-A72A-AE8B866D75EE}.Debug|Any CPU.Build.0 = Debug|Any CPU
		{11D2C635-9C83-47C2-A72A-AE8B866D75EE}.Release|Any CPU.ActiveCfg = Release|Any CPU
		{11D2C635-9C83-47C2-A72A-AE8B866D75EE}.Release|Any CPU.Build.0 = Release|Any CPU
		{F83B94E6-2927-4C3B-BFC8-F24B8B9EA582}.Debug|Any CPU.ActiveCfg = Debug|Any CPU
		{F83B94E6-2927-4C3B-BFC8-F24B8B9EA582}.Debug|Any CPU.Build.0 = Debug|Any CPU
		{F83B94E6-2927-4C3B-BFC8-F24B8B9EA582}.Release|Any CPU.ActiveCfg = Release|Any CPU
		{F83B94E6-2927-4C3B-BFC8-F24B8B9EA582}.Release|Any CPU.Build.0 = Release|Any CPU
		{BA55E988-E61C-4C9B-A96A-BC94188A149A}.Debug|Any CPU.ActiveCfg = Debug|Any CPU
		{BA55E988-E61C-4C9B-A96A-BC94188A149A}.Debug|Any CPU.Build.0 = Debug|Any CPU
		{BA55E988-E61C-4C9B-A96A-BC94188A149A}.Release|Any CPU.ActiveCfg = Release|Any CPU
		{BA55E988-E61C-4C9B-A96A-BC94188A149A}.Release|Any CPU.Build.0 = Release|Any CPU
		{9F3C7809-8A40-4743-A114-196FCFF912F8}.Debug|Any CPU.ActiveCfg = Debug|Any CPU
		{9F3C7809-8A40-4743-A114-196FCFF912F8}.Debug|Any CPU.Build.0 = Debug|Any CPU
		{9F3C7809-8A40-4743-A114-196FCFF912F8}.Release|Any CPU.ActiveCfg = Release|Any CPU
		{9F3C7809-8A40-4743-A114-196FCFF912F8}.Release|Any CPU.Build.0 = Release|Any CPU
		{BC58E288-CA39-48E3-96AA-D6AB11AFB8E5}.Debug|Any CPU.ActiveCfg = Debug|Any CPU
		{BC58E288-CA39-48E3-96AA-D6AB11AFB8E5}.Debug|Any CPU.Build.0 = Debug|Any CPU
		{BC58E288-CA39-48E3-96AA-D6AB11AFB8E5}.Release|Any CPU.ActiveCfg = Release|Any CPU
		{BC58E288-CA39-48E3-96AA-D6AB11AFB8E5}.Release|Any CPU.Build.0 = Release|Any CPU
		{DFBF1EEE-9A42-4AB8-8B33-AD95A7CE368F}.Debug|Any CPU.ActiveCfg = Debug|Any CPU
		{DFBF1EEE-9A42-4AB8-8B33-AD95A7CE368F}.Debug|Any CPU.Build.0 = Debug|Any CPU
		{DFBF1EEE-9A42-4AB8-8B33-AD95A7CE368F}.Release|Any CPU.ActiveCfg = Release|Any CPU
		{DFBF1EEE-9A42-4AB8-8B33-AD95A7CE368F}.Release|Any CPU.Build.0 = Release|Any CPU
		{BFDFF9D4-D109-406D-ACD9-D8531F91A388}.Debug|Any CPU.ActiveCfg = Debug|Any CPU
		{BFDFF9D4-D109-406D-ACD9-D8531F91A388}.Debug|Any CPU.Build.0 = Debug|Any CPU
		{BFDFF9D4-D109-406D-ACD9-D8531F91A388}.Release|Any CPU.ActiveCfg = Release|Any CPU
		{BFDFF9D4-D109-406D-ACD9-D8531F91A388}.Release|Any CPU.Build.0 = Release|Any CPU
		{4E71704D-AA38-46DD-9676-D390A48BD773}.Debug|Any CPU.ActiveCfg = Debug|Any CPU
		{4E71704D-AA38-46DD-9676-D390A48BD773}.Debug|Any CPU.Build.0 = Debug|Any CPU
		{4E71704D-AA38-46DD-9676-D390A48BD773}.Release|Any CPU.ActiveCfg = Release|Any CPU
		{4E71704D-AA38-46DD-9676-D390A48BD773}.Release|Any CPU.Build.0 = Release|Any CPU
	EndGlobalSection
	GlobalSection(SolutionProperties) = preSolution
		HideSolutionNode = FALSE
	EndGlobalSection
	GlobalSection(NestedProjects) = preSolution
		{CF65350A-8D80-4AF2-B369-8C71A5BFB620} = {4958F816-17AA-4833-819B-5D666C416361}
		{080F1E84-3700-4B9D-B929-B686447C36AF} = {4958F816-17AA-4833-819B-5D666C416361}
		{780D9ED8-AF1B-4C78-819F-E2D7130204A7} = {4958F816-17AA-4833-819B-5D666C416361}
		{11D2C635-9C83-47C2-A72A-AE8B866D75EE} = {4958F816-17AA-4833-819B-5D666C416361}
		{F83B94E6-2927-4C3B-BFC8-F24B8B9EA582} = {4958F816-17AA-4833-819B-5D666C416361}
		{BA55E988-E61C-4C9B-A96A-BC94188A149A} = {4958F816-17AA-4833-819B-5D666C416361}
	EndGlobalSection
	GlobalSection(ExtensibilityGlobals) = postSolution
		SolutionGuid = {D8F01C5F-978E-46A8-B9BF-2BF2C742FE7C}
	EndGlobalSection
EndGlobal
