
Microsoft Visual Studio Solution File, Format Version 12.00
# Visual Studio Version 17
VisualStudioVersion = 17.0.31903.59
MinimumVisualStudioVersion = 10.0.40219.1
Project("{FAE04EC0-301F-11D3-BF4B-00C04F79EFBC}") = "Adoptrix.Domain", "src\Adoptrix.Domain\Adoptrix.Domain.csproj", "{2839FC19-CC0E-43CA-8B83-3245A2C47EB5}"
EndProject
Project("{FAE04EC0-301F-11D3-BF4B-00C04F79EFBC}") = "Adoptrix.Api", "src\Adoptrix.Api\Adoptrix.Api.csproj", "{E738094C-FBA8-4A83-8925-2D622504F369}"
EndProject
Project("{FAE04EC0-301F-11D3-BF4B-00C04F79EFBC}") = "Adoptrix.Infrastructure", "src\Adoptrix.Infrastructure\Adoptrix.Infrastructure.csproj", "{5691F28D-9406-4FFF-9F2D-226F72A167FD}"
EndProject
Project("{FAE04EC0-301F-11D3-BF4B-00C04F79EFBC}") = "Adoptrix.Application", "src\Adoptrix.Application\Adoptrix.Application.csproj", "{E9A92DCD-34B6-4B41-A2DB-5AD9AF3E564C}"
EndProject
Project("{2150E333-8FDC-42A3-9474-1A3956D46DE8}") = "Tests", "Tests", "{4958F816-17AA-4833-819B-5D666C416361}"
EndProject
Project("{FAE04EC0-301F-11D3-BF4B-00C04F79EFBC}") = "Adoptrix.Domain.Tests", "tests\Adoptrix.Domain.Tests\Adoptrix.Domain.Tests.csproj", "{CF65350A-8D80-4AF2-B369-8C71A5BFB620}"
EndProject
Project("{FAE04EC0-301F-11D3-BF4B-00C04F79EFBC}") = "Adoptrix.Application.Tests", "tests\Adoptrix.Application.Tests\Adoptrix.Application.Tests.csproj", "{15A239BB-4A97-4E99-A7AB-24E97D5CFEC4}"
EndProject
Project("{FAE04EC0-301F-11D3-BF4B-00C04F79EFBC}") = "Adoptrix.Api.Tests", "tests\Adoptrix.Api.Tests\Adoptrix.Api.Tests.csproj", "{EEBDB0C2-ACD8-4F34-85DD-1A3959DE09E4}"
EndProject
Global
	GlobalSection(SolutionConfigurationPlatforms) = preSolution
		Debug|Any CPU = Debug|Any CPU
		Release|Any CPU = Release|Any CPU
	EndGlobalSection
	GlobalSection(SolutionProperties) = preSolution
		HideSolutionNode = FALSE
	EndGlobalSection
	GlobalSection(ProjectConfigurationPlatforms) = postSolution
		{2839FC19-CC0E-43CA-8B83-3245A2C47EB5}.Debug|Any CPU.ActiveCfg = Debug|Any CPU
		{2839FC19-CC0E-43CA-8B83-3245A2C47EB5}.Debug|Any CPU.Build.0 = Debug|Any CPU
		{2839FC19-CC0E-43CA-8B83-3245A2C47EB5}.Release|Any CPU.ActiveCfg = Release|Any CPU
		{2839FC19-CC0E-43CA-8B83-3245A2C47EB5}.Release|Any CPU.Build.0 = Release|Any CPU
		{E738094C-FBA8-4A83-8925-2D622504F369}.Debug|Any CPU.ActiveCfg = Debug|Any CPU
		{E738094C-FBA8-4A83-8925-2D622504F369}.Debug|Any CPU.Build.0 = Debug|Any CPU
		{E738094C-FBA8-4A83-8925-2D622504F369}.Release|Any CPU.ActiveCfg = Release|Any CPU
		{E738094C-FBA8-4A83-8925-2D622504F369}.Release|Any CPU.Build.0 = Release|Any CPU
		{5691F28D-9406-4FFF-9F2D-226F72A167FD}.Debug|Any CPU.ActiveCfg = Debug|Any CPU
		{5691F28D-9406-4FFF-9F2D-226F72A167FD}.Debug|Any CPU.Build.0 = Debug|Any CPU
		{5691F28D-9406-4FFF-9F2D-226F72A167FD}.Release|Any CPU.ActiveCfg = Release|Any CPU
		{5691F28D-9406-4FFF-9F2D-226F72A167FD}.Release|Any CPU.Build.0 = Release|Any CPU
		{E9A92DCD-34B6-4B41-A2DB-5AD9AF3E564C}.Debug|Any CPU.ActiveCfg = Debug|Any CPU
		{E9A92DCD-34B6-4B41-A2DB-5AD9AF3E564C}.Debug|Any CPU.Build.0 = Debug|Any CPU
		{E9A92DCD-34B6-4B41-A2DB-5AD9AF3E564C}.Release|Any CPU.ActiveCfg = Release|Any CPU
		{E9A92DCD-34B6-4B41-A2DB-5AD9AF3E564C}.Release|Any CPU.Build.0 = Release|Any CPU
		{CF65350A-8D80-4AF2-B369-8C71A5BFB620}.Debug|Any CPU.ActiveCfg = Debug|Any CPU
		{CF65350A-8D80-4AF2-B369-8C71A5BFB620}.Debug|Any CPU.Build.0 = Debug|Any CPU
		{CF65350A-8D80-4AF2-B369-8C71A5BFB620}.Release|Any CPU.ActiveCfg = Release|Any CPU
		{CF65350A-8D80-4AF2-B369-8C71A5BFB620}.Release|Any CPU.Build.0 = Release|Any CPU
		{15A239BB-4A97-4E99-A7AB-24E97D5CFEC4}.Debug|Any CPU.ActiveCfg = Debug|Any CPU
		{15A239BB-4A97-4E99-A7AB-24E97D5CFEC4}.Debug|Any CPU.Build.0 = Debug|Any CPU
		{15A239BB-4A97-4E99-A7AB-24E97D5CFEC4}.Release|Any CPU.ActiveCfg = Release|Any CPU
		{15A239BB-4A97-4E99-A7AB-24E97D5CFEC4}.Release|Any CPU.Build.0 = Release|Any CPU
		{EEBDB0C2-ACD8-4F34-85DD-1A3959DE09E4}.Debug|Any CPU.ActiveCfg = Debug|Any CPU
		{EEBDB0C2-ACD8-4F34-85DD-1A3959DE09E4}.Debug|Any CPU.Build.0 = Debug|Any CPU
		{EEBDB0C2-ACD8-4F34-85DD-1A3959DE09E4}.Release|Any CPU.ActiveCfg = Release|Any CPU
		{EEBDB0C2-ACD8-4F34-85DD-1A3959DE09E4}.Release|Any CPU.Build.0 = Release|Any CPU
	EndGlobalSection
	GlobalSection(NestedProjects) = preSolution
		{CF65350A-8D80-4AF2-B369-8C71A5BFB620} = {4958F816-17AA-4833-819B-5D666C416361}
		{15A239BB-4A97-4E99-A7AB-24E97D5CFEC4} = {4958F816-17AA-4833-819B-5D666C416361}
		{EEBDB0C2-ACD8-4F34-85DD-1A3959DE09E4} = {4958F816-17AA-4833-819B-5D666C416361}
	EndGlobalSection
EndGlobal
